// !$*UTF8*$!
{
	archiveVersion = 1;
	classes = {
	};
	objectVersion = 50;
	objects = {

/* Begin PBXBuildFile section */
		735DBF5127119E5000FC8A32 /* SurveyModel.m in Sources */ = {isa = PBXBuildFile; fileRef = 735DBF5027119E5000FC8A32 /* SurveyModel.m */; };
		735DBF5427119F6400FC8A32 /* DataModelFactory.m in Sources */ = {isa = PBXBuildFile; fileRef = 735DBF5327119F6400FC8A32 /* DataModelFactory.m */; };
		735DBF572711A33A00FC8A32 /* PlistStoreController.m in Sources */ = {isa = PBXBuildFile; fileRef = 735DBF562711A33A00FC8A32 /* PlistStoreController.m */; };
		7374AF6027105ECB006D639D /* AppDelegate.m in Sources */ = {isa = PBXBuildFile; fileRef = 7374AF5F27105ECB006D639D /* AppDelegate.m */; };
		7374AF6327105ECB006D639D /* MainViewController.m in Sources */ = {isa = PBXBuildFile; fileRef = 7374AF6227105ECB006D639D /* MainViewController.m */; };
		7374AF6527105ECD006D639D /* Assets.xcassets in Resources */ = {isa = PBXBuildFile; fileRef = 7374AF6427105ECD006D639D /* Assets.xcassets */; };
		7374AF6827105ECD006D639D /* Main.storyboard in Resources */ = {isa = PBXBuildFile; fileRef = 7374AF6627105ECD006D639D /* Main.storyboard */; };
		7374AF6B27105ECD006D639D /* main.m in Sources */ = {isa = PBXBuildFile; fileRef = 7374AF6A27105ECD006D639D /* main.m */; };
		7374AF7627105ECD006D639D /* SurveYourTests.m in Sources */ = {isa = PBXBuildFile; fileRef = 7374AF7527105ECD006D639D /* SurveYourTests.m */; };
		7374AF8127105ECD006D639D /* SurveYourUITests.m in Sources */ = {isa = PBXBuildFile; fileRef = 7374AF8027105ECD006D639D /* SurveYourUITests.m */; };
		7374AF9527116AA7006D639D /* SurveyFormViewController.m in Sources */ = {isa = PBXBuildFile; fileRef = 7374AF9427116AA7006D639D /* SurveyFormViewController.m */; };
		7374AF9827116C50006D639D /* SurveYourViewModel.m in Sources */ = {isa = PBXBuildFile; fileRef = 7374AF9727116C50006D639D /* SurveYourViewModel.m */; };
/* End PBXBuildFile section */

/* Begin PBXContainerItemProxy section */
		7374AF7227105ECD006D639D /* PBXContainerItemProxy */ = {
			isa = PBXContainerItemProxy;
			containerPortal = 7374AF5327105ECB006D639D /* Project object */;
			proxyType = 1;
			remoteGlobalIDString = 7374AF5A27105ECB006D639D;
			remoteInfo = SurveYour;
		};
		7374AF7D27105ECD006D639D /* PBXContainerItemProxy */ = {
			isa = PBXContainerItemProxy;
			containerPortal = 7374AF5327105ECB006D639D /* Project object */;
			proxyType = 1;
			remoteGlobalIDString = 7374AF5A27105ECB006D639D;
			remoteInfo = SurveYour;
		};
/* End PBXContainerItemProxy section */

/* Begin PBXFileReference section */
		735DBF4F27119E5000FC8A32 /* SurveyModel.h */ = {isa = PBXFileReference; lastKnownFileType = sourcecode.c.h; path = SurveyModel.h; sourceTree = "<group>"; };
		735DBF5027119E5000FC8A32 /* SurveyModel.m */ = {isa = PBXFileReference; lastKnownFileType = sourcecode.c.objc; path = SurveyModel.m; sourceTree = "<group>"; };
		735DBF5227119F6400FC8A32 /* DataModelFactory.h */ = {isa = PBXFileReference; lastKnownFileType = sourcecode.c.h; path = DataModelFactory.h; sourceTree = "<group>"; };
		735DBF5327119F6400FC8A32 /* DataModelFactory.m */ = {isa = PBXFileReference; lastKnownFileType = sourcecode.c.objc; path = DataModelFactory.m; sourceTree = "<group>"; };
		735DBF552711A33A00FC8A32 /* PlistStoreController.h */ = {isa = PBXFileReference; lastKnownFileType = sourcecode.c.h; path = PlistStoreController.h; sourceTree = "<group>"; };
		735DBF562711A33A00FC8A32 /* PlistStoreController.m */ = {isa = PBXFileReference; lastKnownFileType = sourcecode.c.objc; path = PlistStoreController.m; sourceTree = "<group>"; };
		735DBF582711A38100FC8A32 /* DataStoreProtocol.h */ = {isa = PBXFileReference; lastKnownFileType = sourcecode.c.h; path = DataStoreProtocol.h; sourceTree = "<group>"; };
		7374AF5B27105ECB006D639D /* SurveYour.app */ = {isa = PBXFileReference; explicitFileType = wrapper.application; includeInIndex = 0; path = SurveYour.app; sourceTree = BUILT_PRODUCTS_DIR; };
		7374AF5E27105ECB006D639D /* AppDelegate.h */ = {isa = PBXFileReference; lastKnownFileType = sourcecode.c.h; path = AppDelegate.h; sourceTree = "<group>"; };
		7374AF5F27105ECB006D639D /* AppDelegate.m */ = {isa = PBXFileReference; lastKnownFileType = sourcecode.c.objc; path = AppDelegate.m; sourceTree = "<group>"; };
		7374AF6127105ECB006D639D /* MainViewController.h */ = {isa = PBXFileReference; lastKnownFileType = sourcecode.c.h; path = MainViewController.h; sourceTree = "<group>"; };
		7374AF6227105ECB006D639D /* MainViewController.m */ = {isa = PBXFileReference; lastKnownFileType = sourcecode.c.objc; path = MainViewController.m; sourceTree = "<group>"; };
		7374AF6427105ECD006D639D /* Assets.xcassets */ = {isa = PBXFileReference; lastKnownFileType = folder.assetcatalog; path = Assets.xcassets; sourceTree = "<group>"; };
		7374AF6727105ECD006D639D /* Base */ = {isa = PBXFileReference; lastKnownFileType = file.storyboard; name = Base; path = Base.lproj/Main.storyboard; sourceTree = "<group>"; };
		7374AF6927105ECD006D639D /* Info.plist */ = {isa = PBXFileReference; lastKnownFileType = text.plist.xml; path = Info.plist; sourceTree = "<group>"; };
		7374AF6A27105ECD006D639D /* main.m */ = {isa = PBXFileReference; lastKnownFileType = sourcecode.c.objc; path = main.m; sourceTree = "<group>"; };
		7374AF6C27105ECD006D639D /* SurveYour.entitlements */ = {isa = PBXFileReference; lastKnownFileType = text.plist.entitlements; path = SurveYour.entitlements; sourceTree = "<group>"; };
		7374AF7127105ECD006D639D /* SurveYourTests.xctest */ = {isa = PBXFileReference; explicitFileType = wrapper.cfbundle; includeInIndex = 0; path = SurveYourTests.xctest; sourceTree = BUILT_PRODUCTS_DIR; };
		7374AF7527105ECD006D639D /* SurveYourTests.m */ = {isa = PBXFileReference; lastKnownFileType = sourcecode.c.objc; path = SurveYourTests.m; sourceTree = "<group>"; };
		7374AF7727105ECD006D639D /* Info.plist */ = {isa = PBXFileReference; lastKnownFileType = text.plist.xml; path = Info.plist; sourceTree = "<group>"; };
		7374AF7C27105ECD006D639D /* SurveYourUITests.xctest */ = {isa = PBXFileReference; explicitFileType = wrapper.cfbundle; includeInIndex = 0; path = SurveYourUITests.xctest; sourceTree = BUILT_PRODUCTS_DIR; };
		7374AF8027105ECD006D639D /* SurveYourUITests.m */ = {isa = PBXFileReference; lastKnownFileType = sourcecode.c.objc; path = SurveYourUITests.m; sourceTree = "<group>"; };
		7374AF8227105ECD006D639D /* Info.plist */ = {isa = PBXFileReference; lastKnownFileType = text.plist.xml; path = Info.plist; sourceTree = "<group>"; };
		7374AF9327116AA7006D639D /* SurveyFormViewController.h */ = {isa = PBXFileReference; lastKnownFileType = sourcecode.c.h; path = SurveyFormViewController.h; sourceTree = "<group>"; };
		7374AF9427116AA7006D639D /* SurveyFormViewController.m */ = {isa = PBXFileReference; lastKnownFileType = sourcecode.c.objc; path = SurveyFormViewController.m; sourceTree = "<group>"; };
		7374AF9627116C50006D639D /* SurveYourViewModel.h */ = {isa = PBXFileReference; lastKnownFileType = sourcecode.c.h; path = SurveYourViewModel.h; sourceTree = "<group>"; };
		7374AF9727116C50006D639D /* SurveYourViewModel.m */ = {isa = PBXFileReference; lastKnownFileType = sourcecode.c.objc; path = SurveYourViewModel.m; sourceTree = "<group>"; };
/* End PBXFileReference section */

/* Begin PBXFrameworksBuildPhase section */
		7374AF5827105ECB006D639D /* Frameworks */ = {
			isa = PBXFrameworksBuildPhase;
			buildActionMask = 2147483647;
			files = (
			);
			runOnlyForDeploymentPostprocessing = 0;
		};
		7374AF6E27105ECD006D639D /* Frameworks */ = {
			isa = PBXFrameworksBuildPhase;
			buildActionMask = 2147483647;
			files = (
			);
			runOnlyForDeploymentPostprocessing = 0;
		};
		7374AF7927105ECD006D639D /* Frameworks */ = {
			isa = PBXFrameworksBuildPhase;
			buildActionMask = 2147483647;
			files = (
			);
			runOnlyForDeploymentPostprocessing = 0;
		};
/* End PBXFrameworksBuildPhase section */

/* Begin PBXGroup section */
		7374AF5227105ECB006D639D = {
			isa = PBXGroup;
			children = (
				7374AF8E27105F1B006D639D /* Design */,
				7374AF5D27105ECB006D639D /* SurveYour */,
				7374AF7427105ECD006D639D /* SurveYourTests */,
				7374AF7F27105ECD006D639D /* SurveYourUITests */,
				7374AF5C27105ECB006D639D /* Products */,
			);
			sourceTree = "<group>";
		};
		7374AF5C27105ECB006D639D /* Products */ = {
			isa = PBXGroup;
			children = (
				7374AF5B27105ECB006D639D /* SurveYour.app */,
				7374AF7127105ECD006D639D /* SurveYourTests.xctest */,
				7374AF7C27105ECD006D639D /* SurveYourUITests.xctest */,
			);
			name = Products;
			sourceTree = "<group>";
		};
		7374AF5D27105ECB006D639D /* SurveYour */ = {
			isa = PBXGroup;
			children = (
				7374AF9127116993006D639D /* Views */,
				7374AF9027116985006D639D /* ViewModel */,
				7374AF8F2711697D006D639D /* Model */,
				7374AF5E27105ECB006D639D /* AppDelegate.h */,
				7374AF5F27105ECB006D639D /* AppDelegate.m */,
				7374AF6427105ECD006D639D /* Assets.xcassets */,
				7374AF6927105ECD006D639D /* Info.plist */,
				7374AF6A27105ECD006D639D /* main.m */,
				7374AF6C27105ECD006D639D /* SurveYour.entitlements */,
			);
			path = SurveYour;
			sourceTree = "<group>";
		};
		7374AF7427105ECD006D639D /* SurveYourTests */ = {
			isa = PBXGroup;
			children = (
				7374AF7527105ECD006D639D /* SurveYourTests.m */,
				7374AF7727105ECD006D639D /* Info.plist */,
			);
			path = SurveYourTests;
			sourceTree = "<group>";
		};
		7374AF7F27105ECD006D639D /* SurveYourUITests */ = {
			isa = PBXGroup;
			children = (
				7374AF8027105ECD006D639D /* SurveYourUITests.m */,
				7374AF8227105ECD006D639D /* Info.plist */,
			);
			path = SurveYourUITests;
			sourceTree = "<group>";
		};
		7374AF8E27105F1B006D639D /* Design */ = {
			isa = PBXGroup;
			children = (
			);
			path = Design;
			sourceTree = "<group>";
		};
		7374AF8F2711697D006D639D /* Model */ = {
			isa = PBXGroup;
			children = (
				735DBF4F27119E5000FC8A32 /* SurveyModel.h */,
				735DBF5027119E5000FC8A32 /* SurveyModel.m */,
				735DBF5227119F6400FC8A32 /* DataModelFactory.h */,
				735DBF5327119F6400FC8A32 /* DataModelFactory.m */,
				735DBF552711A33A00FC8A32 /* PlistStoreController.h */,
				735DBF562711A33A00FC8A32 /* PlistStoreController.m */,
				735DBF582711A38100FC8A32 /* DataStoreProtocol.h */,
			);
			path = Model;
			sourceTree = "<group>";
		};
		7374AF9027116985006D639D /* ViewModel */ = {
			isa = PBXGroup;
			children = (
				7374AF9627116C50006D639D /* SurveYourViewModel.h */,
				7374AF9727116C50006D639D /* SurveYourViewModel.m */,
			);
			path = ViewModel;
			sourceTree = "<group>";
		};
		7374AF9127116993006D639D /* Views */ = {
			isa = PBXGroup;
			children = (
				7374AF6127105ECB006D639D /* MainViewController.h */,
				7374AF6227105ECB006D639D /* MainViewController.m */,
				7374AF6627105ECD006D639D /* Main.storyboard */,
				7374AF9327116AA7006D639D /* SurveyFormViewController.h */,
				7374AF9427116AA7006D639D /* SurveyFormViewController.m */,
			);
			path = Views;
			sourceTree = "<group>";
		};
/* End PBXGroup section */

/* Begin PBXNativeTarget section */
		7374AF5A27105ECB006D639D /* SurveYour */ = {
			isa = PBXNativeTarget;
			buildConfigurationList = 7374AF8527105ECD006D639D /* Build configuration list for PBXNativeTarget "SurveYour" */;
			buildPhases = (
				7374AF5727105ECB006D639D /* Sources */,
				7374AF5827105ECB006D639D /* Frameworks */,
				7374AF5927105ECB006D639D /* Resources */,
			);
			buildRules = (
			);
			dependencies = (
			);
			name = SurveYour;
			productName = SurveYour;
			productReference = 7374AF5B27105ECB006D639D /* SurveYour.app */;
			productType = "com.apple.product-type.application";
		};
		7374AF7027105ECD006D639D /* SurveYourTests */ = {
			isa = PBXNativeTarget;
			buildConfigurationList = 7374AF8827105ECD006D639D /* Build configuration list for PBXNativeTarget "SurveYourTests" */;
			buildPhases = (
				7374AF6D27105ECD006D639D /* Sources */,
				7374AF6E27105ECD006D639D /* Frameworks */,
				7374AF6F27105ECD006D639D /* Resources */,
			);
			buildRules = (
			);
			dependencies = (
				7374AF7327105ECD006D639D /* PBXTargetDependency */,
			);
			name = SurveYourTests;
			productName = SurveYourTests;
			productReference = 7374AF7127105ECD006D639D /* SurveYourTests.xctest */;
			productType = "com.apple.product-type.bundle.unit-test";
		};
		7374AF7B27105ECD006D639D /* SurveYourUITests */ = {
			isa = PBXNativeTarget;
			buildConfigurationList = 7374AF8B27105ECD006D639D /* Build configuration list for PBXNativeTarget "SurveYourUITests" */;
			buildPhases = (
				7374AF7827105ECD006D639D /* Sources */,
				7374AF7927105ECD006D639D /* Frameworks */,
				7374AF7A27105ECD006D639D /* Resources */,
			);
			buildRules = (
			);
			dependencies = (
				7374AF7E27105ECD006D639D /* PBXTargetDependency */,
			);
			name = SurveYourUITests;
			productName = SurveYourUITests;
			productReference = 7374AF7C27105ECD006D639D /* SurveYourUITests.xctest */;
			productType = "com.apple.product-type.bundle.ui-testing";
		};
/* End PBXNativeTarget section */

/* Begin PBXProject section */
		7374AF5327105ECB006D639D /* Project object */ = {
			isa = PBXProject;
			attributes = {
				LastUpgradeCheck = 1140;
				ORGANIZATIONNAME = roshnivijay;
				TargetAttributes = {
					7374AF5A27105ECB006D639D = {
						CreatedOnToolsVersion = 11.4.1;
					};
					7374AF7027105ECD006D639D = {
						CreatedOnToolsVersion = 11.4.1;
						TestTargetID = 7374AF5A27105ECB006D639D;
					};
					7374AF7B27105ECD006D639D = {
						CreatedOnToolsVersion = 11.4.1;
						TestTargetID = 7374AF5A27105ECB006D639D;
					};
				};
			};
			buildConfigurationList = 7374AF5627105ECB006D639D /* Build configuration list for PBXProject "SurveYour" */;
			compatibilityVersion = "Xcode 9.3";
			developmentRegion = en;
			hasScannedForEncodings = 0;
			knownRegions = (
				en,
				Base,
			);
			mainGroup = 7374AF5227105ECB006D639D;
			productRefGroup = 7374AF5C27105ECB006D639D /* Products */;
			projectDirPath = "";
			projectRoot = "";
			targets = (
				7374AF5A27105ECB006D639D /* SurveYour */,
				7374AF7027105ECD006D639D /* SurveYourTests */,
				7374AF7B27105ECD006D639D /* SurveYourUITests */,
			);
		};
/* End PBXProject section */

/* Begin PBXResourcesBuildPhase section */
		7374AF5927105ECB006D639D /* Resources */ = {
			isa = PBXResourcesBuildPhase;
			buildActionMask = 2147483647;
			files = (
				7374AF6527105ECD006D639D /* Assets.xcassets in Resources */,
				7374AF6827105ECD006D639D /* Main.storyboard in Resources */,
			);
			runOnlyForDeploymentPostprocessing = 0;
		};
		7374AF6F27105ECD006D639D /* Resources */ = {
			isa = PBXResourcesBuildPhase;
			buildActionMask = 2147483647;
			files = (
			);
			runOnlyForDeploymentPostprocessing = 0;
		};
		7374AF7A27105ECD006D639D /* Resources */ = {
			isa = PBXResourcesBuildPhase;
			buildActionMask = 2147483647;
			files = (
			);
			runOnlyForDeploymentPostprocessing = 0;
		};
/* End PBXResourcesBuildPhase section */

/* Begin PBXSourcesBuildPhase section */
		7374AF5727105ECB006D639D /* Sources */ = {
			isa = PBXSourcesBuildPhase;
			buildActionMask = 2147483647;
			files = (
				7374AF9827116C50006D639D /* SurveYourViewModel.m in Sources */,
				735DBF5127119E5000FC8A32 /* SurveyModel.m in Sources */,
				7374AF6327105ECB006D639D /* MainViewController.m in Sources */,
				735DBF572711A33A00FC8A32 /* PlistStoreController.m in Sources */,
				735DBF5427119F6400FC8A32 /* DataModelFactory.m in Sources */,
				7374AF6B27105ECD006D639D /* main.m in Sources */,
				7374AF9527116AA7006D639D /* SurveyFormViewController.m in Sources */,
				7374AF6027105ECB006D639D /* AppDelegate.m in Sources */,
			);
			runOnlyForDeploymentPostprocessing = 0;
		};
		7374AF6D27105ECD006D639D /* Sources */ = {
			isa = PBXSourcesBuildPhase;
			buildActionMask = 2147483647;
			files = (
				7374AF7627105ECD006D639D /* SurveYourTests.m in Sources */,
			);
			runOnlyForDeploymentPostprocessing = 0;
		};
		7374AF7827105ECD006D639D /* Sources */ = {
			isa = PBXSourcesBuildPhase;
			buildActionMask = 2147483647;
			files = (
				7374AF8127105ECD006D639D /* SurveYourUITests.m in Sources */,
			);
			runOnlyForDeploymentPostprocessing = 0;
		};
/* End PBXSourcesBuildPhase section */

/* Begin PBXTargetDependency section */
		7374AF7327105ECD006D639D /* PBXTargetDependency */ = {
			isa = PBXTargetDependency;
			target = 7374AF5A27105ECB006D639D /* SurveYour */;
			targetProxy = 7374AF7227105ECD006D639D /* PBXContainerItemProxy */;
		};
		7374AF7E27105ECD006D639D /* PBXTargetDependency */ = {
			isa = PBXTargetDependency;
			target = 7374AF5A27105ECB006D639D /* SurveYour */;
			targetProxy = 7374AF7D27105ECD006D639D /* PBXContainerItemProxy */;
		};
/* End PBXTargetDependency section */

/* Begin PBXVariantGroup section */
		7374AF6627105ECD006D639D /* Main.storyboard */ = {
			isa = PBXVariantGroup;
			children = (
				7374AF6727105ECD006D639D /* Base */,
			);
			name = Main.storyboard;
			sourceTree = "<group>";
		};
/* End PBXVariantGroup section */

/* Begin XCBuildConfiguration section */
		7374AF8327105ECD006D639D /* Debug */ = {
			isa = XCBuildConfiguration;
			buildSettings = {
				ALWAYS_SEARCH_USER_PATHS = NO;
				CLANG_ANALYZER_NONNULL = YES;
				CLANG_ANALYZER_NUMBER_OBJECT_CONVERSION = YES_AGGRESSIVE;
				CLANG_CXX_LANGUAGE_STANDARD = "gnu++14";
				CLANG_CXX_LIBRARY = "libc++";
				CLANG_ENABLE_MODULES = YES;
				CLANG_ENABLE_OBJC_ARC = YES;
				CLANG_ENABLE_OBJC_WEAK = YES;
				CLANG_WARN_BLOCK_CAPTURE_AUTORELEASING = YES;
				CLANG_WARN_BOOL_CONVERSION = YES;
				CLANG_WARN_COMMA = YES;
				CLANG_WARN_CONSTANT_CONVERSION = YES;
				CLANG_WARN_DEPRECATED_OBJC_IMPLEMENTATIONS = YES;
				CLANG_WARN_DIRECT_OBJC_ISA_USAGE = YES_ERROR;
				CLANG_WARN_DOCUMENTATION_COMMENTS = YES;
				CLANG_WARN_EMPTY_BODY = YES;
				CLANG_WARN_ENUM_CONVERSION = YES;
				CLANG_WARN_INFINITE_RECURSION = YES;
				CLANG_WARN_INT_CONVERSION = YES;
				CLANG_WARN_NON_LITERAL_NULL_CONVERSION = YES;
				CLANG_WARN_OBJC_IMPLICIT_RETAIN_SELF = YES;
				CLANG_WARN_OBJC_LITERAL_CONVERSION = YES;
				CLANG_WARN_OBJC_ROOT_CLASS = YES_ERROR;
				CLANG_WARN_RANGE_LOOP_ANALYSIS = YES;
				CLANG_WARN_STRICT_PROTOTYPES = YES;
				CLANG_WARN_SUSPICIOUS_MOVE = YES;
				CLANG_WARN_UNGUARDED_AVAILABILITY = YES_AGGRESSIVE;
				CLANG_WARN_UNREACHABLE_CODE = YES;
				CLANG_WARN__DUPLICATE_METHOD_MATCH = YES;
				COPY_PHASE_STRIP = NO;
				DEBUG_INFORMATION_FORMAT = dwarf;
				ENABLE_STRICT_OBJC_MSGSEND = YES;
				ENABLE_TESTABILITY = YES;
				GCC_C_LANGUAGE_STANDARD = gnu11;
				GCC_DYNAMIC_NO_PIC = NO;
				GCC_NO_COMMON_BLOCKS = YES;
				GCC_OPTIMIZATION_LEVEL = 0;
				GCC_PREPROCESSOR_DEFINITIONS = (
					"DEBUG=1",
					"$(inherited)",
				);
				GCC_WARN_64_TO_32_BIT_CONVERSION = YES;
				GCC_WARN_ABOUT_RETURN_TYPE = YES_ERROR;
				GCC_WARN_UNDECLARED_SELECTOR = YES;
				GCC_WARN_UNINITIALIZED_AUTOS = YES_AGGRESSIVE;
				GCC_WARN_UNUSED_FUNCTION = YES;
				GCC_WARN_UNUSED_VARIABLE = YES;
				MACOSX_DEPLOYMENT_TARGET = 10.10;
				MTL_ENABLE_DEBUG_INFO = INCLUDE_SOURCE;
				MTL_FAST_MATH = YES;
				ONLY_ACTIVE_ARCH = YES;
				SDKROOT = macosx;
			};
			name = Debug;
		};
		7374AF8427105ECD006D639D /* Release */ = {
			isa = XCBuildConfiguration;
			buildSettings = {
				ALWAYS_SEARCH_USER_PATHS = NO;
				CLANG_ANALYZER_NONNULL = YES;
				CLANG_ANALYZER_NUMBER_OBJECT_CONVERSION = YES_AGGRESSIVE;
				CLANG_CXX_LANGUAGE_STANDARD = "gnu++14";
				CLANG_CXX_LIBRARY = "libc++";
				CLANG_ENABLE_MODULES = YES;
				CLANG_ENABLE_OBJC_ARC = YES;
				CLANG_ENABLE_OBJC_WEAK = YES;
				CLANG_WARN_BLOCK_CAPTURE_AUTORELEASING = YES;
				CLANG_WARN_BOOL_CONVERSION = YES;
				CLANG_WARN_COMMA = YES;
				CLANG_WARN_CONSTANT_CONVERSION = YES;
				CLANG_WARN_DEPRECATED_OBJC_IMPLEMENTATIONS = YES;
				CLANG_WARN_DIRECT_OBJC_ISA_USAGE = YES_ERROR;
				CLANG_WARN_DOCUMENTATION_COMMENTS = YES;
				CLANG_WARN_EMPTY_BODY = YES;
				CLANG_WARN_ENUM_CONVERSION = YES;
				CLANG_WARN_INFINITE_RECURSION = YES;
				CLANG_WARN_INT_CONVERSION = YES;
				CLANG_WARN_NON_LITERAL_NULL_CONVERSION = YES;
				CLANG_WARN_OBJC_IMPLICIT_RETAIN_SELF = YES;
				CLANG_WARN_OBJC_LITERAL_CONVERSION = YES;
				CLANG_WARN_OBJC_ROOT_CLASS = YES_ERROR;
				CLANG_WARN_RANGE_LOOP_ANALYSIS = YES;
				CLANG_WARN_STRICT_PROTOTYPES = YES;
				CLANG_WARN_SUSPICIOUS_MOVE = YES;
				CLANG_WARN_UNGUARDED_AVAILABILITY = YES_AGGRESSIVE;
				CLANG_WARN_UNREACHABLE_CODE = YES;
				CLANG_WARN__DUPLICATE_METHOD_MATCH = YES;
				COPY_PHASE_STRIP = NO;
				DEBUG_INFORMATION_FORMAT = "dwarf-with-dsym";
				ENABLE_NS_ASSERTIONS = NO;
				ENABLE_STRICT_OBJC_MSGSEND = YES;
				GCC_C_LANGUAGE_STANDARD = gnu11;
				GCC_NO_COMMON_BLOCKS = YES;
				GCC_WARN_64_TO_32_BIT_CONVERSION = YES;
				GCC_WARN_ABOUT_RETURN_TYPE = YES_ERROR;
				GCC_WARN_UNDECLARED_SELECTOR = YES;
				GCC_WARN_UNINITIALIZED_AUTOS = YES_AGGRESSIVE;
				GCC_WARN_UNUSED_FUNCTION = YES;
				GCC_WARN_UNUSED_VARIABLE = YES;
				MACOSX_DEPLOYMENT_TARGET = 10.10;
				MTL_ENABLE_DEBUG_INFO = NO;
				MTL_FAST_MATH = YES;
				SDKROOT = macosx;
			};
			name = Release;
		};
		7374AF8627105ECD006D639D /* Debug */ = {
			isa = XCBuildConfiguration;
			buildSettings = {
				ASSETCATALOG_COMPILER_APPICON_NAME = AppIcon;
				CODE_SIGN_ENTITLEMENTS = SurveYour/SurveYour.entitlements;
				CODE_SIGN_STYLE = Automatic;
				COMBINE_HIDPI_IMAGES = YES;
				INFOPLIST_FILE = SurveYour/Info.plist;
				LD_RUNPATH_SEARCH_PATHS = (
					"$(inherited)",
					"@executable_path/../Frameworks",
				);
				MACOSX_DEPLOYMENT_TARGET = 10.10;
				PRODUCT_BUNDLE_IDENTIFIER = com.roshnivijay.SurveYour;
				PRODUCT_NAME = "$(TARGET_NAME)";
			};
			name = Debug;
		};
		7374AF8727105ECD006D639D /* Release */ = {
			isa = XCBuildConfiguration;
			buildSettings = {
				ASSETCATALOG_COMPILER_APPICON_NAME = AppIcon;
				CODE_SIGN_ENTITLEMENTS = SurveYour/SurveYour.entitlements;
				CODE_SIGN_STYLE = Automatic;
				COMBINE_HIDPI_IMAGES = YES;
				INFOPLIST_FILE = SurveYour/Info.plist;
				LD_RUNPATH_SEARCH_PATHS = (
					"$(inherited)",
					"@executable_path/../Frameworks",
				);
				MACOSX_DEPLOYMENT_TARGET = 10.10;
				PRODUCT_BUNDLE_IDENTIFIER = com.roshnivijay.SurveYour;
				PRODUCT_NAME = "$(TARGET_NAME)";
			};
			name = Release;
		};
		7374AF8927105ECD006D639D /* Debug */ = {
			isa = XCBuildConfiguration;
			buildSettings = {
				BUNDLE_LOADER = "$(TEST_HOST)";
				CODE_SIGN_STYLE = Automatic;
				COMBINE_HIDPI_IMAGES = YES;
				INFOPLIST_FILE = SurveYourTests/Info.plist;
				LD_RUNPATH_SEARCH_PATHS = (
					"$(inherited)",
					"@executable_path/../Frameworks",
					"@loader_path/../Frameworks",
				);
				MACOSX_DEPLOYMENT_TARGET = 10.10;
				PRODUCT_BUNDLE_IDENTIFIER = com.roshnivijay.SurveYourTests;
				PRODUCT_NAME = "$(TARGET_NAME)";
				TEST_HOST = "$(BUILT_PRODUCTS_DIR)/SurveYour.app/Contents/MacOS/SurveYour";
			};
			name = Debug;
		};
		7374AF8A27105ECD006D639D /* Release */ = {
			isa = XCBuildConfiguration;
			buildSettings = {
				BUNDLE_LOADER = "$(TEST_HOST)";
				CODE_SIGN_STYLE = Automatic;
				COMBINE_HIDPI_IMAGES = YES;
				INFOPLIST_FILE = SurveYourTests/Info.plist;
				LD_RUNPATH_SEARCH_PATHS = (
					"$(inherited)",
					"@executable_path/../Frameworks",
					"@loader_path/../Frameworks",
				);
				MACOSX_DEPLOYMENT_TARGET = 10.10;
				PRODUCT_BUNDLE_IDENTIFIER = com.roshnivijay.SurveYourTests;
				PRODUCT_NAME = "$(TARGET_NAME)";
				TEST_HOST = "$(BUILT_PRODUCTS_DIR)/SurveYour.app/Contents/MacOS/SurveYour";
			};
			name = Release;
		};
		7374AF8C27105ECD006D639D /* Debug */ = {
			isa = XCBuildConfiguration;
			buildSettings = {
				CODE_SIGN_STYLE = Automatic;
				COMBINE_HIDPI_IMAGES = YES;
				INFOPLIST_FILE = SurveYourUITests/Info.plist;
				LD_RUNPATH_SEARCH_PATHS = (
					"$(inherited)",
					"@executable_path/../Frameworks",
					"@loader_path/../Frameworks",
				);
				PRODUCT_BUNDLE_IDENTIFIER = com.roshnivijay.SurveYourUITests;
				PRODUCT_NAME = "$(TARGET_NAME)";
				TEST_TARGET_NAME = SurveYour;
			};
			name = Debug;
		};
		7374AF8D27105ECD006D639D /* Release */ = {
			isa = XCBuildConfiguration;
			buildSettings = {
				CODE_SIGN_STYLE = Automatic;
				COMBINE_HIDPI_IMAGES = YES;
				INFOPLIST_FILE = SurveYourUITests/Info.plist;
				LD_RUNPATH_SEARCH_PATHS = (
					"$(inherited)",
					"@executable_path/../Frameworks",
					"@loader_path/../Frameworks",
				);
				PRODUCT_BUNDLE_IDENTIFIER = com.roshnivijay.SurveYourUITests;
				PRODUCT_NAME = "$(TARGET_NAME)";
				TEST_TARGET_NAME = SurveYour;
			};
			name = Release;
		};
/* End XCBuildConfiguration section */

/* Begin XCConfigurationList section */
		7374AF5627105ECB006D639D /* Build configuration list for PBXProject "SurveYour" */ = {
			isa = XCConfigurationList;
			buildConfigurations = (
				7374AF8327105ECD006D639D /* Debug */,
				7374AF8427105ECD006D639D /* Release */,
			);
			defaultConfigurationIsVisible = 0;
			defaultConfigurationName = Release;
		};
		7374AF8527105ECD006D639D /* Build configuration list for PBXNativeTarget "SurveYour" */ = {
			isa = XCConfigurationList;
			buildConfigurations = (
				7374AF8627105ECD006D639D /* Debug */,
				7374AF8727105ECD006D639D /* Release */,
			);
			defaultConfigurationIsVisible = 0;
			defaultConfigurationName = Release;
		};
		7374AF8827105ECD006D639D /* Build configuration list for PBXNativeTarget "SurveYourTests" */ = {
			isa = XCConfigurationList;
			buildConfigurations = (
				7374AF8927105ECD006D639D /* Debug */,
				7374AF8A27105ECD006D639D /* Release */,
			);
			defaultConfigurationIsVisible = 0;
			defaultConfigurationName = Release;
		};
		7374AF8B27105ECD006D639D /* Build configuration list for PBXNativeTarget "SurveYourUITests" */ = {
			isa = XCConfigurationList;
			buildConfigurations = (
				7374AF8C27105ECD006D639D /* Debug */,
				7374AF8D27105ECD006D639D /* Release */,
			);
			defaultConfigurationIsVisible = 0;
			defaultConfigurationName = Release;
		};
/* End XCConfigurationList section */
	};
	rootObject = 7374AF5327105ECB006D639D /* Project object */;
}
